
Microsoft Visual Studio Solution File, Format Version 12.00
# Visual Studio Version 17
VisualStudioVersion = 17.14.36518.9
MinimumVisualStudioVersion = 10.0.40219.1
Project("{FAE04EC0-301F-11D3-BF4B-00C04F79EFBC}") = "QuranCentersSystem", "QuranCentersSystem\QuranCentersSystem.csproj", "{A6B7621B-A9E8-41E2-ACBB-1527585A5C88}"
EndProject
Project("{FAE04EC0-301F-11D3-BF4B-00C04F79EFBC}") = "QuranCenters.Core", "QuranCenters.Core\QuranCenters.Core.csproj", "{E6666D34-BDAF-4EBC-BFEF-6274BF006EDE}"
EndProject
Project("{FAE04EC0-301F-11D3-BF4B-00C04F79EFBC}") = "QuranCenters.Application", "QuranCenters.Application\QuranCenters.Application.csproj", "{3088C16D-025C-4E5E-B2E8-8432155DAE9D}"
EndProject
Project("{FAE04EC0-301F-11D3-BF4B-00C04F79EFBC}") = "QuranCenters.Infrastructure", "QuranCenters.Infrastructure\QuranCenters.Infrastructure.csproj", "{B80CEAD5-E0A1-465A-8014-20040E970956}"
EndProject
Global
	GlobalSection(SolutionConfigurationPlatforms) = preSolution
		Debug|Any CPU = Debug|Any CPU
		Debug|x64 = Debug|x64
		Debug|x86 = Debug|x86
		Release|Any CPU = Release|Any CPU
		Release|x64 = Release|x64
		Release|x86 = Release|x86
	EndGlobalSection
	GlobalSection(ProjectConfigurationPlatforms) = postSolution
		{A6B7621B-A9E8-41E2-ACBB-1527585A5C88}.Debug|Any CPU.ActiveCfg = Debug|Any CPU
		{A6B7621B-A9E8-41E2-ACBB-1527585A5C88}.Debug|Any CPU.Build.0 = Debug|Any CPU
		{A6B7621B-A9E8-41E2-ACBB-1527585A5C88}.Debug|x64.ActiveCfg = Debug|Any CPU
		{A6B7621B-A9E8-41E2-ACBB-1527585A5C88}.Debug|x64.Build.0 = Debug|Any CPU
		{A6B7621B-A9E8-41E2-ACBB-1527585A5C88}.Debug|x86.ActiveCfg = Debug|Any CPU
		{A6B7621B-A9E8-41E2-ACBB-1527585A5C88}.Debug|x86.Build.0 = Debug|Any CPU
		{A6B7621B-A9E8-41E2-ACBB-1527585A5C88}.Release|Any CPU.ActiveCfg = Release|Any CPU
		{A6B7621B-A9E8-41E2-ACBB-1527585A5C88}.Release|Any CPU.Build.0 = Release|Any CPU
		{A6B7621B-A9E8-41E2-ACBB-1527585A5C88}.Release|x64.ActiveCfg = Release|Any CPU
		{A6B7621B-A9E8-41E2-ACBB-1527585A5C88}.Release|x64.Build.0 = Release|Any CPU
		{A6B7621B-A9E8-41E2-ACBB-1527585A5C88}.Release|x86.ActiveCfg = Release|Any CPU
		{A6B7621B-A9E8-41E2-ACBB-1527585A5C88}.Release|x86.Build.0 = Release|Any CPU
		{E6666D34-BDAF-4EBC-BFEF-6274BF006EDE}.Debug|Any CPU.ActiveCfg = Debug|Any CPU
		{E6666D34-BDAF-4EBC-BFEF-6274BF006EDE}.Debug|Any CPU.Build.0 = Debug|Any CPU
		{E6666D34-BDAF-4EBC-BFEF-6274BF006EDE}.Debug|x64.ActiveCfg = Debug|Any CPU
		{E6666D34-BDAF-4EBC-BFEF-6274BF006EDE}.Debug|x64.Build.0 = Debug|Any CPU
		{E6666D34-BDAF-4EBC-BFEF-6274BF006EDE}.Debug|x86.ActiveCfg = Debug|Any CPU
		{E6666D34-BDAF-4EBC-BFEF-6274BF006EDE}.Debug|x86.Build.0 = Debug|Any CPU
		{E6666D34-BDAF-4EBC-BFEF-6274BF006EDE}.Release|Any CPU.ActiveCfg = Release|Any CPU
		{E6666D34-BDAF-4EBC-BFEF-6274BF006EDE}.Release|Any CPU.Build.0 = Release|Any CPU
		{E6666D34-BDAF-4EBC-BFEF-6274BF006EDE}.Release|x64.ActiveCfg = Release|Any CPU
		{E6666D34-BDAF-4EBC-BFEF-6274BF006EDE}.Release|x64.Build.0 = Release|Any CPU
		{E6666D34-BDAF-4EBC-BFEF-6274BF006EDE}.Release|x86.ActiveCfg = Release|Any CPU
		{E6666D34-BDAF-4EBC-BFEF-6274BF006EDE}.Release|x86.Build.0 = Release|Any CPU
		{3088C16D-025C-4E5E-B2E8-8432155DAE9D}.Debug|Any CPU.ActiveCfg = Debug|Any CPU
		{3088C16D-025C-4E5E-B2E8-8432155DAE9D}.Debug|Any CPU.Build.0 = Debug|Any CPU
		{3088C16D-025C-4E5E-B2E8-8432155DAE9D}.Debug|x64.ActiveCfg = Debug|Any CPU
		{3088C16D-025C-4E5E-B2E8-8432155DAE9D}.Debug|x64.Build.0 = Debug|Any CPU
		{3088C16D-025C-4E5E-B2E8-8432155DAE9D}.Debug|x86.ActiveCfg = Debug|Any CPU
		{3088C16D-025C-4E5E-B2E8-8432155DAE9D}.Debug|x86.Build.0 = Debug|Any CPU
		{3088C16D-025C-4E5E-B2E8-8432155DAE9D}.Release|Any CPU.ActiveCfg = Release|Any CPU
		{3088C16D-025C-4E5E-B2E8-8432155DAE9D}.Release|Any CPU.Build.0 = Release|Any CPU
		{3088C16D-025C-4E5E-B2E8-8432155DAE9D}.Release|x64.ActiveCfg = Release|Any CPU
		{3088C16D-025C-4E5E-B2E8-8432155DAE9D}.Release|x64.Build.0 = Release|Any CPU
		{3088C16D-025C-4E5E-B2E8-8432155DAE9D}.Release|x86.ActiveCfg = Release|Any CPU
		{3088C16D-025C-4E5E-B2E8-8432155DAE9D}.Release|x86.Build.0 = Release|Any CPU
		{B80CEAD5-E0A1-465A-8014-20040E970956}.Debug|Any CPU.ActiveCfg = Debug|Any CPU
		{B80CEAD5-E0A1-465A-8014-20040E970956}.Debug|Any CPU.Build.0 = Debug|Any CPU
		{B80CEAD5-E0A1-465A-8014-20040E970956}.Debug|x64.ActiveCfg = Debug|Any CPU
		{B80CEAD5-E0A1-465A-8014-20040E970956}.Debug|x64.Build.0 = Debug|Any CPU
		{B80CEAD5-E0A1-465A-8014-20040E970956}.Debug|x86.ActiveCfg = Debug|Any CPU
		{B80CEAD5-E0A1-465A-8014-20040E970956}.Debug|x86.Build.0 = Debug|Any CPU
		{B80CEAD5-E0A1-465A-8014-20040E970956}.Release|Any CPU.ActiveCfg = Release|Any CPU
		{B80CEAD5-E0A1-465A-8014-20040E970956}.Release|Any CPU.Build.0 = Release|Any CPU
		{B80CEAD5-E0A1-465A-8014-20040E970956}.Release|x64.ActiveCfg = Release|Any CPU
		{B80CEAD5-E0A1-465A-8014-20040E970956}.Release|x64.Build.0 = Release|Any CPU
		{B80CEAD5-E0A1-465A-8014-20040E970956}.Release|x86.ActiveCfg = Release|Any CPU
		{B80CEAD5-E0A1-465A-8014-20040E970956}.Release|x86.Build.0 = Release|Any CPU
	EndGlobalSection
	GlobalSection(SolutionProperties) = preSolution
		HideSolutionNode = FALSE
	EndGlobalSection
	GlobalSection(ExtensibilityGlobals) = postSolution
		SolutionGuid = {43E0ABCC-16E7-424A-8022-01FD70C6EF80}
	EndGlobalSection
EndGlobal
